<?xml version="1.0" encoding="UTF-8"?>
<Scheme
   LastUpgradeVersion = "1130"
   version = "1.3">
   <BuildAction
      parallelizeBuildables = "YES"
      buildImplicitDependencies = "YES">
      <BuildActionEntries>
         <BuildActionEntry
            buildForTesting = "YES"
            buildForRunning = "YES"
            buildForProfiling = "YES"
            buildForArchiving = "YES"
            buildForAnalyzing = "YES">
            <BuildableReference
               BuildableIdentifier = "primary"
               BlueprintIdentifier = "13B07F861A680F5B00A75B9A"
               BuildableName = "&#x645;&#x642;&#x627;&#x644;&#x64a;&#x62f; &#x627;&#x644;&#x633;&#x645;&#x627;&#x648;&#x627;&#x62a; &#x648;&#x627;&#x644;&#x627;&#x654;&#x631;&#x636; &#x645;&#x639; &#x62d;&#x635;&#x646; &#x627;&#x644;&#x645;&#x648;&#x654;&#x645;&#x646;.app"
               BlueprintName = "pdfbook"
               ReferencedContainer = "container:pdfbook.xcodeproj">
            </BuildableReference>
         </BuildActionEntry>
      </BuildActionEntries>
   </BuildAction>
   <TestAction
      buildConfiguration = "Debug"
      selectedDebuggerIdentifier = "Xcode.DebuggerFoundation.Debugger.LLDB"
      selectedLauncherIdentifier = "Xcode.DebuggerFoundation.Launcher.LLDB"
      shouldUseLaunchSchemeArgsEnv = "YES">
      <Testables>
         <TestableReference
            skipped = "NO">
            <BuildableReference
               BuildableIdentifier = "primary"
               BlueprintIdentifier = "00E356ED1AD99517003FC87E"
               BuildableName = "pdfbookTests.xctest"
               BlueprintName = "pdfbookTests"
               ReferencedContainer = "container:pdfbook.xcodeproj">
            </BuildableReference>
         </TestableReference>
      </Testables>
   </TestAction>
   <LaunchAction
      buildConfiguration = "Debug"
      selectedDebuggerIdentifier = "Xcode.DebuggerFoundation.Debugger.LLDB"
      selectedLauncherIdentifier = "Xcode.DebuggerFoundation.Launcher.LLDB"
      launchStyle = "0"
      useCustomWorkingDirectory = "NO"
      ignoresPersistentStateOnLaunch = "NO"
      debugDocumentVersioning = "YES"
      debugServiceExtension = "internal"
      allowLocationSimulation = "YES">
      <BuildableProductRunnable
         runnableDebuggingMode = "0">
         <BuildableReference
            BuildableIdentifier = "primary"
            BlueprintIdentifier = "13B07F861A680F5B00A75B9A"
            BuildableName = "&#x645;&#x642;&#x627;&#x644;&#x64a;&#x62f; &#x627;&#x644;&#x633;&#x645;&#x627;&#x648;&#x627;&#x62a; &#x648;&#x627;&#x644;&#x627;&#x654;&#x631;&#x636; &#x645;&#x639; &#x62d;&#x635;&#x646; &#x627;&#x644;&#x645;&#x648;&#x654;&#x645;&#x646;.app"
            BlueprintName = "pdfbook"
            ReferencedContainer = "container:pdfbook.xcodeproj">
         </BuildableReference>
      </BuildableProductRunnable>
   </LaunchAction>
   <ProfileAction
      buildConfiguration = "Release"
      shouldUseLaunchSchemeArgsEnv = "YES"
      savedToolIdentifier = ""
      useCustomWorkingDirectory = "NO"
      debugDocumentVersioning = "YES">
      <BuildableProductRunnable
         runnableDebuggingMode = "0">
         <BuildableReference
            BuildableIdentifier = "primary"
            BlueprintIdentifier = "13B07F861A680F5B00A75B9A"
            BuildableName = "&#x645;&#x642;&#x627;&#x644;&#x64a;&#x62f; &#x627;&#x644;&#x633;&#x645;&#x627;&#x648;&#x627;&#x62a; &#x648;&#x627;&#x644;&#x627;&#x654;&#x631;&#x636; &#x645;&#x639; &#x62d;&#x635;&#x646; &#x627;&#x644;&#x645;&#x648;&#x654;&#x645;&#x646;.app"
            BlueprintName = "pdfbook"
            ReferencedContainer = "container:pdfbook.xcodeproj">
         </BuildableReference>
      </BuildableProductRunnable>
   </ProfileAction>
   <AnalyzeAction
      buildConfiguration = "Debug">
   </AnalyzeAction>
   <ArchiveAction
      buildConfiguration = "Release"
      revealArchiveInOrganizer = "YES">
   </ArchiveAction>
</Scheme>
